{
  "name": "platform-ai-agent-direct",
  "version": "0.1.0",
  "lockfileVersion": 3,
  "requires": true,
  "packages": {
    "": {
      "name": "platform-ai-agent-direct",
      "version": "0.1.0",
      "workspaces": [
        "apps/backend",
        "apps/admin"
      ],
      "engines": {
        "node": ">=20.0.0"
      }
    },
    "apps/admin": {
      "name": "@platform-ai-agent/admin",
      "version": "0.1.0"
    },
    "apps/backend": {
      "name": "@platform-ai-agent/backend",
      "version": "0.1.0"
    },
    "node_modules/@platform-ai-agent/admin": {
      "resolved": "apps/admin",
      "link": true
    },
    "node_modules/@platform-ai-agent/backend": {
      "resolved": "apps/backend",
      "link": true
    }
  }
}
